
Microsoft Visual Studio Solution File, Format Version 12.00
# Visual Studio Version 16
VisualStudioVersion = 16.0.31515.178
MinimumVisualStudioVersion = 10.0.40219.1
Project("{FAE04EC0-301F-11D3-BF4B-00C04F79EFBC}") = "emprego", "emprego\emprego.csproj", "{BA2D61C7-5B71-421C-9646-035A4AAA2F16}"
EndProject
Global
	GlobalSection(SolutionConfigurationPlatforms) = preSolution
		Debug|Any CPU = Debug|Any CPU
		Release|Any CPU = Release|Any CPU
	EndGlobalSection
	GlobalSection(ProjectConfigurationPlatforms) = postSolution
		{BA2D61C7-5B71-421C-9646-035A4AAA2F16}.Debug|Any CPU.ActiveCfg = Debug|Any CPU
		{BA2D61C7-5B71-421C-9646-035A4AAA2F16}.Debug|Any CPU.Build.0 = Debug|Any CPU
		{BA2D61C7-5B71-421C-9646-035A4AAA2F16}.Release|Any CPU.ActiveCfg = Release|Any CPU
		{BA2D61C7-5B71-421C-9646-035A4AAA2F16}.Release|Any CPU.Build.0 = Release|Any CPU
	EndGlobalSection
	GlobalSection(SolutionProperties) = preSolution
		HideSolutionNode = FALSE
	EndGlobalSection
	GlobalSection(ExtensibilityGlobals) = postSolution
		SolutionGuid = {0304B6CB-308B-4827-B50A-CE1E74CA8BCC}
	EndGlobalSection
EndGlobal
